{
  "name": "dungeon-souls-engine",
  "version": "1.0.0",
  "lockfileVersion": 3,
  "requires": true,
  "packages": {
    "": {
      "name": "dungeon-souls-engine",
      "version": "1.0.0",
      "license": "UNLICENSED",
      "dependencies": {
        "canvas-confetti": "^1.9.2"
      }
    },
    "node_modules/canvas-confetti": {
      "version": "1.9.2",
      "resolved": "https://registry.npmjs.org/canvas-confetti/-/canvas-confetti-1.9.2.tgz",
      "integrity": "sha512-..."
    }
  }
}